
Microsoft Visual Studio Solution File, Format Version 12.00
# Visual Studio 15
VisualStudioVersion = 15.0.28307.1321
MinimumVisualStudioVersion = 10.0.40219.1
Project("{FAE04EC0-301F-11D3-BF4B-00C04F79EFBC}") = "hexapod_single_axis_scan_with_Pilatus", "hexapod_single_axis_scan_with_Pilatus\hexapod_single_axis_scan_with_Pilatus.csproj", "{7BBD52B8-6E94-48AE-8C38-EAE7B1544CBC}"
EndProject
Global
	GlobalSection(SolutionConfigurationPlatforms) = preSolution
		Debug|Any CPU = Debug|Any CPU
		Release|Any CPU = Release|Any CPU
	EndGlobalSection
	GlobalSection(ProjectConfigurationPlatforms) = postSolution
		{7BBD52B8-6E94-48AE-8C38-EAE7B1544CBC}.Debug|Any CPU.ActiveCfg = Debug|Any CPU
		{7BBD52B8-6E94-48AE-8C38-EAE7B1544CBC}.Debug|Any CPU.Build.0 = Debug|Any CPU
		{7BBD52B8-6E94-48AE-8C38-EAE7B1544CBC}.Release|Any CPU.ActiveCfg = Release|Any CPU
		{7BBD52B8-6E94-48AE-8C38-EAE7B1544CBC}.Release|Any CPU.Build.0 = Release|Any CPU
	EndGlobalSection
	GlobalSection(SolutionProperties) = preSolution
		HideSolutionNode = FALSE
	EndGlobalSection
	GlobalSection(ExtensibilityGlobals) = postSolution
		SolutionGuid = {0CC87F34-249D-4036-88A8-D187B1064752}
	EndGlobalSection
EndGlobal
